
Microsoft Visual Studio Solution File, Format Version 12.00
# Visual Studio Version 17
VisualStudioVersion = 17.0.32126.317
MinimumVisualStudioVersion = 10.0.40219.1
Project("{FAE04EC0-301F-11D3-BF4B-00C04F79EFBC}") = "Client", "client\Client.csproj", "{E25F379D-E347-4C5F-A50D-03565FA46556}"
EndProject
Project("{9A19103F-16F7-4668-BE54-9A1E7A4F7556}") = "Server", "Server\Server.csproj", "{4A8E278F-B734-47FD-AE0E-C4F76A5CDFAD}"
EndProject
Global
	GlobalSection(SolutionConfigurationPlatforms) = preSolution
		Debug|Any CPU = Debug|Any CPU
		Release|Any CPU = Release|Any CPU
	EndGlobalSection
	GlobalSection(ProjectConfigurationPlatforms) = postSolution
		{E25F379D-E347-4C5F-A50D-03565FA46556}.Debug|Any CPU.ActiveCfg = Debug|Any CPU
		{E25F379D-E347-4C5F-A50D-03565FA46556}.Debug|Any CPU.Build.0 = Debug|Any CPU
		{E25F379D-E347-4C5F-A50D-03565FA46556}.Release|Any CPU.ActiveCfg = Release|Any CPU
		{E25F379D-E347-4C5F-A50D-03565FA46556}.Release|Any CPU.Build.0 = Release|Any CPU
		{4A8E278F-B734-47FD-AE0E-C4F76A5CDFAD}.Debug|Any CPU.ActiveCfg = Debug|Any CPU
		{4A8E278F-B734-47FD-AE0E-C4F76A5CDFAD}.Debug|Any CPU.Build.0 = Debug|Any CPU
		{4A8E278F-B734-47FD-AE0E-C4F76A5CDFAD}.Release|Any CPU.ActiveCfg = Release|Any CPU
		{4A8E278F-B734-47FD-AE0E-C4F76A5CDFAD}.Release|Any CPU.Build.0 = Release|Any CPU
	EndGlobalSection
	GlobalSection(SolutionProperties) = preSolution
		HideSolutionNode = FALSE
	EndGlobalSection
	GlobalSection(ExtensibilityGlobals) = postSolution
		SolutionGuid = {13574CD3-ABB3-44AD-AD6F-3D8A0911F5D3}
	EndGlobalSection
EndGlobal
